
Microsoft Visual Studio Solution File, Format Version 12.00
# Visual Studio Version 17
VisualStudioVersion = 17.7.34221.43
MinimumVisualStudioVersion = 10.0.40219.1
Project("{FAE04EC0-301F-11D3-BF4B-00C04F79EFBC}") = "Blog", "Blog.csproj", "{7EBFD24F-1980-4489-BB4B-8991755C00B4}"
EndProject
Global
	GlobalSection(SolutionConfigurationPlatforms) = preSolution
		Debug|Any CPU = Debug|Any CPU
		Release|Any CPU = Release|Any CPU
	EndGlobalSection
	GlobalSection(ProjectConfigurationPlatforms) = postSolution
		{7EBFD24F-1980-4489-BB4B-8991755C00B4}.Debug|Any CPU.ActiveCfg = Debug|Any CPU
		{7EBFD24F-1980-4489-BB4B-8991755C00B4}.Debug|Any CPU.Build.0 = Debug|Any CPU
		{7EBFD24F-1980-4489-BB4B-8991755C00B4}.Release|Any CPU.ActiveCfg = Release|Any CPU
		{7EBFD24F-1980-4489-BB4B-8991755C00B4}.Release|Any CPU.Build.0 = Release|Any CPU
	EndGlobalSection
	GlobalSection(SolutionProperties) = preSolution
		HideSolutionNode = FALSE
	EndGlobalSection
	GlobalSection(ExtensibilityGlobals) = postSolution
		SolutionGuid = {6FBC6686-4E21-486F-80C9-DDBA51FEF344}
	EndGlobalSection
EndGlobal
